// !$*UTF8*$!
{
	archiveVersion = 1;
	classes = {
	};
	objectVersion = 46;
	objects = {

/* Begin PBXBuildFile section */
		9717270F1690CE9B00CC4171 /* AVFoundation.framework in Frameworks */ = {isa = PBXBuildFile; fileRef = 9717270E1690CE9B00CC4171 /* AVFoundation.framework */; };
		971727121690D07D00CC4171 /* SoundBoardSoundsViewController.m in Sources */ = {isa = PBXBuildFile; fileRef = 971727111690D07D00CC4171 /* SoundBoardSoundsViewController.m */; };
		971727151690D0E600CC4171 /* SoundBoardAppDelegate.m in Sources */ = {isa = PBXBuildFile; fileRef = 971727131690D0E600CC4171 /* SoundBoardAppDelegate.m */; };
		973AFDC616BB665A0064E89E /* SoundBoardAddViewController.m in Sources */ = {isa = PBXBuildFile; fileRef = 973AFDC516BB665A0064E89E /* SoundBoardAddViewController.m */; };
		975DBBA2168FF98500708212 /* SoundButton+Effect.m in Sources */ = {isa = PBXBuildFile; fileRef = 975DBBA1168FF98500708212 /* SoundButton+Effect.m */; };
		975DBBA5168FFA1100708212 /* SoundBoardGroup+Create.m in Sources */ = {isa = PBXBuildFile; fileRef = 975DBBA4168FFA1100708212 /* SoundBoardGroup+Create.m */; };
		976555ED169A38D600EC6EB7 /* icon.png in Resources */ = {isa = PBXBuildFile; fileRef = 976555EC169A38D600EC6EB7 /* icon.png */; };
		976555F0169A390900EC6EB7 /* icon2.png in Resources */ = {isa = PBXBuildFile; fileRef = 976555EF169A390900EC6EB7 /* icon2.png */; };
		976CFDAF168FB43300D11FE8 /* UIKit.framework in Frameworks */ = {isa = PBXBuildFile; fileRef = 976CFDAE168FB43300D11FE8 /* UIKit.framework */; };
		976CFDB1168FB43300D11FE8 /* Foundation.framework in Frameworks */ = {isa = PBXBuildFile; fileRef = 976CFDB0168FB43300D11FE8 /* Foundation.framework */; };
		976CFDB3168FB43300D11FE8 /* CoreGraphics.framework in Frameworks */ = {isa = PBXBuildFile; fileRef = 976CFDB2168FB43300D11FE8 /* CoreGraphics.framework */; };
		976CFDB9168FB43300D11FE8 /* InfoPlist.strings in Resources */ = {isa = PBXBuildFile; fileRef = 976CFDB7168FB43300D11FE8 /* InfoPlist.strings */; };
		976CFDBB168FB43300D11FE8 /* main.m in Sources */ = {isa = PBXBuildFile; fileRef = 976CFDBA168FB43300D11FE8 /* main.m */; };
		976CFDC1168FB43300D11FE8 /* Default.png in Resources */ = {isa = PBXBuildFile; fileRef = 976CFDC0168FB43300D11FE8 /* Default.png */; };
		976CFDC3168FB43300D11FE8 /* Default@2x.png in Resources */ = {isa = PBXBuildFile; fileRef = 976CFDC2168FB43300D11FE8 /* Default@2x.png */; };
		976CFDC5168FB43300D11FE8 /* Default-568h@2x.png in Resources */ = {isa = PBXBuildFile; fileRef = 976CFDC4168FB43300D11FE8 /* Default-568h@2x.png */; };
		976CFDC8168FB43300D11FE8 /* MainStoryboard.storyboard in Resources */ = {isa = PBXBuildFile; fileRef = 976CFDC6168FB43300D11FE8 /* MainStoryboard.storyboard */; };
		976CFDCB168FB43300D11FE8 /* SoundBoardViewController.m in Sources */ = {isa = PBXBuildFile; fileRef = 976CFDCA168FB43300D11FE8 /* SoundBoardViewController.m */; };
		976CFDD2168FB76A00D11FE8 /* CoreData.framework in Frameworks */ = {isa = PBXBuildFile; fileRef = 976CFDD1168FB76A00D11FE8 /* CoreData.framework */; };
		976CFDD9168FBBF400D11FE8 /* SoundBoard.xcdatamodeld in Sources */ = {isa = PBXBuildFile; fileRef = 976CFDD7168FBBF400D11FE8 /* SoundBoard.xcdatamodeld */; };
		976CFDE1168FBD0E00D11FE8 /* SoundBoardsTableViewController.m in Sources */ = {isa = PBXBuildFile; fileRef = 976CFDE0168FBD0E00D11FE8 /* SoundBoardsTableViewController.m */; };
		976CFDE4168FBDDE00D11FE8 /* CoreDataTableViewController.m in Sources */ = {isa = PBXBuildFile; fileRef = 976CFDE3168FBDDE00D11FE8 /* CoreDataTableViewController.m */; };
		976CFDEA168FC3AD00D11FE8 /* SoundBoardGroup.m in Sources */ = {isa = PBXBuildFile; fileRef = 976CFDE9168FC3AD00D11FE8 /* SoundBoardGroup.m */; };
		9791C0E416B7B17300AD1074 /* Record.png in Resources */ = {isa = PBXBuildFile; fileRef = 9791C0E316B7B17300AD1074 /* Record.png */; };
		9791C0E716B7B83C00AD1074 /* play.png in Resources */ = {isa = PBXBuildFile; fileRef = 9791C0E616B7B83C00AD1074 /* play.png */; };
		9791C0E916B7B95900AD1074 /* stop.png in Resources */ = {isa = PBXBuildFile; fileRef = 9791C0E816B7B95900AD1074 /* stop.png */; };
		9791C0EB16B7BAC800AD1074 /* check.png in Resources */ = {isa = PBXBuildFile; fileRef = 9791C0EA16B7BAC800AD1074 /* check.png */; };
		97B19A5F169BB72C00C0EDC1 /* thumb.png in Resources */ = {isa = PBXBuildFile; fileRef = 97B19A5E169BB72C00C0EDC1 /* thumb.png */; };
		97B19A6A169BCFBE00C0EDC1 /* MobileCoreServices.framework in Frameworks */ = {isa = PBXBuildFile; fileRef = 97B19A69169BCFBE00C0EDC1 /* MobileCoreServices.framework */; };
		97B9EE2F169A563200EE8FBA /* SoundButton.m in Sources */ = {isa = PBXBuildFile; fileRef = 97B9EE2E169A563200EE8FBA /* SoundButton.m */; settings = {COMPILER_FLAGS = "-fno-objc-arc"; }; };
		97B9EE33169A5B6F00EE8FBA /* matches-1.mp3 in Resources */ = {isa = PBXBuildFile; fileRef = 97B9EE32169A5B6F00EE8FBA /* matches-1.mp3 */; };
		97BD4AE5169CEEE7006CCF7D /* RecordViewController.m in Sources */ = {isa = PBXBuildFile; fileRef = 97BD4AE4169CEEE7006CCF7D /* RecordViewController.m */; };
		97C430A016BDA0BF00EB8EED /* Rol.mp3 in Resources */ = {isa = PBXBuildFile; fileRef = 97C4309F16BDA0BF00EB8EED /* Rol.mp3 */; };
		97C430D716BDAC4100EB8EED /* Bear.mp3 in Resources */ = {isa = PBXBuildFile; fileRef = 97C430A316BDAC4100EB8EED /* Bear.mp3 */; };
		97C430D816BDAC4100EB8EED /* Bees.wav in Resources */ = {isa = PBXBuildFile; fileRef = 97C430A416BDAC4100EB8EED /* Bees.wav */; };
		97C430D916BDAC4100EB8EED /* Bird Three.wav.au in Resources */ = {isa = PBXBuildFile; fileRef = 97C430A516BDAC4100EB8EED /* Bird Three.wav.au */; };
		97C430DA16BDAC4100EB8EED /* Bird Two.wav in Resources */ = {isa = PBXBuildFile; fileRef = 97C430A616BDAC4100EB8EED /* Bird Two.wav */; };
		97C430DB16BDAC4100EB8EED /* Bird.wav in Resources */ = {isa = PBXBuildFile; fileRef = 97C430A716BDAC4100EB8EED /* Bird.wav */; };
		97C430DC16BDAC4100EB8EED /* Cat Two.wav in Resources */ = {isa = PBXBuildFile; fileRef = 97C430A816BDAC4100EB8EED /* Cat Two.wav */; };
		97C430DD16BDAC4100EB8EED /* Cat.wav in Resources */ = {isa = PBXBuildFile; fileRef = 97C430A916BDAC4100EB8EED /* Cat.wav */; };
		97C430DE16BDAC4100EB8EED /* Chickens.wav in Resources */ = {isa = PBXBuildFile; fileRef = 97C430AA16BDAC4100EB8EED /* Chickens.wav */; };
		97C430DF16BDAC4100EB8EED /* Cow.wav in Resources */ = {isa = PBXBuildFile; fileRef = 97C430AB16BDAC4100EB8EED /* Cow.wav */; };
		97C430E016BDAC4100EB8EED /* Deer.mp3 in Resources */ = {isa = PBXBuildFile; fileRef = 97C430AC16BDAC4100EB8EED /* Deer.mp3 */; };
		97C430E116BDAC4100EB8EED /* Dog Two.wav in Resources */ = {isa = PBXBuildFile; fileRef = 97C430AD16BDAC4100EB8EED /* Dog Two.wav */; };
		97C430E216BDAC4100EB8EED /* Dog.WAV in Resources */ = {isa = PBXBuildFile; fileRef = 97C430AE16BDAC4100EB8EED /* Dog.WAV */; };
		97C430E316BDAC4100EB8EED /* Dolphin.wav in Resources */ = {isa = PBXBuildFile; fileRef = 97C430AF16BDAC4100EB8EED /* Dolphin.wav */; };
		97C430E416BDAC4100EB8EED /* Fox.wav in Resources */ = {isa = PBXBuildFile; fileRef = 97C430B016BDAC4100EB8EED /* Fox.wav */; };
		97C430E516BDAC4100EB8EED /* Geese.wav in Resources */ = {isa = PBXBuildFile; fileRef = 97C430B116BDAC4100EB8EED /* Geese.wav */; };
		97C430E616BDAC4100EB8EED /* Goat.wav in Resources */ = {isa = PBXBuildFile; fileRef = 97C430B216BDAC4100EB8EED /* Goat.wav */; };
		97C430E716BDAC4100EB8EED /* Horse.wav in Resources */ = {isa = PBXBuildFile; fileRef = 97C430B316BDAC4100EB8EED /* Horse.wav */; };
		97C430E816BDAC4100EB8EED /* Monkey.wav in Resources */ = {isa = PBXBuildFile; fileRef = 97C430B416BDAC4100EB8EED /* Monkey.wav */; };
		97C430E916BDAC4100EB8EED /* Owl.WAV in Resources */ = {isa = PBXBuildFile; fileRef = 97C430B516BDAC4100EB8EED /* Owl.WAV */; };
		97C430EA16BDAC4100EB8EED /* Pig.wav in Resources */ = {isa = PBXBuildFile; fileRef = 97C430B616BDAC4100EB8EED /* Pig.wav */; };
		97C430EB16BDAC4100EB8EED /* Rattlesnake.wav in Resources */ = {isa = PBXBuildFile; fileRef = 97C430B716BDAC4100EB8EED /* Rattlesnake.wav */; };
		97C430EC16BDAC4100EB8EED /* rooster.wav in Resources */ = {isa = PBXBuildFile; fileRef = 97C430B816BDAC4100EB8EED /* rooster.wav */; };
		97C430ED16BDAC4100EB8EED /* Seagulls.wav in Resources */ = {isa = PBXBuildFile; fileRef = 97C430B916BDAC4100EB8EED /* Seagulls.wav */; };
		97C430EE16BDAC4100EB8EED /* Sheep.WAV in Resources */ = {isa = PBXBuildFile; fileRef = 97C430BA16BDAC4100EB8EED /* Sheep.WAV */; };
		97C430EF16BDAC4100EB8EED /* Tiger.wav in Resources */ = {isa = PBXBuildFile; fileRef = 97C430BB16BDAC4100EB8EED /* Tiger.wav */; };
		97C430F016BDAC4100EB8EED /* Whale.wav in Resources */ = {isa = PBXBuildFile; fileRef = 97C430BC16BDAC4100EB8EED /* Whale.wav */; };
		97C430F116BDAC4100EB8EED /* Wolves.wav in Resources */ = {isa = PBXBuildFile; fileRef = 97C430BD16BDAC4100EB8EED /* Wolves.wav */; };
		97C430F216BDAC4100EB8EED /* Breakdown.wav in Resources */ = {isa = PBXBuildFile; fileRef = 97C430BF16BDAC4100EB8EED /* Breakdown.wav */; };
		97C430F316BDAC4100EB8EED /* Drum Loop One.mp3 in Resources */ = {isa = PBXBuildFile; fileRef = 97C430C016BDAC4100EB8EED /* Drum Loop One.mp3 */; };
		97C430F416BDAC4100EB8EED /* Electronic Bass.wav in Resources */ = {isa = PBXBuildFile; fileRef = 97C430C116BDAC4100EB8EED /* Electronic Bass.wav */; };
		97C430F516BDAC4100EB8EED /* Funky.wav in Resources */ = {isa = PBXBuildFile; fileRef = 97C430C216BDAC4100EB8EED /* Funky.wav */; };
		97C430F616BDAC4100EB8EED /* Relaxed.mp3 in Resources */ = {isa = PBXBuildFile; fileRef = 97C430C316BDAC4100EB8EED /* Relaxed.mp3 */; };
		97C430F716BDAC4100EB8EED /* AK47  Cocking.wav in Resources */ = {isa = PBXBuildFile; fileRef = 97C430C516BDAC4100EB8EED /* AK47  Cocking.wav */; };
		97C430F816BDAC4100EB8EED /* Boom.wav in Resources */ = {isa = PBXBuildFile; fileRef = 97C430C616BDAC4100EB8EED /* Boom.wav */; };
		97C430F916BDAC4100EB8EED /* Explosion.wav in Resources */ = {isa = PBXBuildFile; fileRef = 97C430C716BDAC4100EB8EED /* Explosion.wav */; };
		97C430FA16BDAC4100EB8EED /* Gatling Gun.wav in Resources */ = {isa = PBXBuildFile; fileRef = 97C430C816BDAC4100EB8EED /* Gatling Gun.wav */; };
		97C430FB16BDAC4100EB8EED /* Gun Burst.wav in Resources */ = {isa = PBXBuildFile; fileRef = 97C430C916BDAC4100EB8EED /* Gun Burst.wav */; };
		97C430FC16BDAC4100EB8EED /* Insert Clip.mp3 in Resources */ = {isa = PBXBuildFile; fileRef = 97C430CA16BDAC4100EB8EED /* Insert Clip.mp3 */; };
		97C430FD16BDAC4100EB8EED /* Revolver Cocking.wav in Resources */ = {isa = PBXBuildFile; fileRef = 97C430CB16BDAC4100EB8EED /* Revolver Cocking.wav */; };
		97C430FE16BDAC4100EB8EED /* SMG.mp3 in Resources */ = {isa = PBXBuildFile; fileRef = 97C430CC16BDAC4100EB8EED /* SMG.mp3 */; };
		97C430FF16BDAC4100EB8EED /* thompson.wav in Resources */ = {isa = PBXBuildFile; fileRef = 97C430CD16BDAC4100EB8EED /* thompson.wav */; };
		97C4310016BDAC4100EB8EED /* Applause.mp3 in Resources */ = {isa = PBXBuildFile; fileRef = 97C430CF16BDAC4100EB8EED /* Applause.mp3 */; };
		97C4310116BDAC4100EB8EED /* Baby Crying.mp3 in Resources */ = {isa = PBXBuildFile; fileRef = 97C430D016BDAC4100EB8EED /* Baby Crying.mp3 */; };
		97C4310216BDAC4100EB8EED /* Boo.wav in Resources */ = {isa = PBXBuildFile; fileRef = 97C430D116BDAC4100EB8EED /* Boo.wav */; };
		97C4310316BDAC4100EB8EED /* Child Crying.wav in Resources */ = {isa = PBXBuildFile; fileRef = 97C430D216BDAC4100EB8EED /* Child Crying.wav */; };
		97C4310416BDAC4100EB8EED /* Evil Laugh.wav in Resources */ = {isa = PBXBuildFile; fileRef = 97C430D316BDAC4100EB8EED /* Evil Laugh.wav */; };
		97C4310516BDAC4100EB8EED /* Gasp.WAV in Resources */ = {isa = PBXBuildFile; fileRef = 97C430D416BDAC4100EB8EED /* Gasp.WAV */; };
		97C4310616BDAC4100EB8EED /* Santa's Laugh.wav in Resources */ = {isa = PBXBuildFile; fileRef = 97C430D516BDAC4100EB8EED /* Santa's Laugh.wav */; };
		97C4310716BDAC4100EB8EED /* Woman Crying.WAV in Resources */ = {isa = PBXBuildFile; fileRef = 97C430D616BDAC4100EB8EED /* Woman Crying.WAV */; };
/* End PBXBuildFile section */

/* Begin PBXFileReference section */
		9717270E1690CE9B00CC4171 /* AVFoundation.framework */ = {isa = PBXFileReference; lastKnownFileType = wrapper.framework; name = AVFoundation.framework; path = System/Library/Frameworks/AVFoundation.framework; sourceTree = SDKROOT; };
		971727101690D07D00CC4171 /* SoundBoardSoundsViewController.h */ = {isa = PBXFileReference; fileEncoding = 4; lastKnownFileType = sourcecode.c.h; path = SoundBoardSoundsViewController.h; sourceTree = "<group>"; };
		971727111690D07D00CC4171 /* SoundBoardSoundsViewController.m */ = {isa = PBXFileReference; fileEncoding = 4; lastKnownFileType = sourcecode.c.objc; path = SoundBoardSoundsViewController.m; sourceTree = "<group>"; };
		971727131690D0E600CC4171 /* SoundBoardAppDelegate.m */ = {isa = PBXFileReference; fileEncoding = 4; lastKnownFileType = sourcecode.c.objc; path = SoundBoardAppDelegate.m; sourceTree = "<group>"; };
		971727141690D0E600CC4171 /* SoundBoardAppDelegate.h */ = {isa = PBXFileReference; fileEncoding = 4; lastKnownFileType = sourcecode.c.h; path = SoundBoardAppDelegate.h; sourceTree = "<group>"; };
		973AFDC416BB665A0064E89E /* SoundBoardAddViewController.h */ = {isa = PBXFileReference; fileEncoding = 4; lastKnownFileType = sourcecode.c.h; path = SoundBoardAddViewController.h; sourceTree = "<group>"; };
		973AFDC516BB665A0064E89E /* SoundBoardAddViewController.m */ = {isa = PBXFileReference; fileEncoding = 4; lastKnownFileType = sourcecode.c.objc; path = SoundBoardAddViewController.m; sourceTree = "<group>"; };
		975DBBA0168FF98500708212 /* SoundButton+Effect.h */ = {isa = PBXFileReference; fileEncoding = 4; lastKnownFileType = sourcecode.c.h; path = "SoundButton+Effect.h"; sourceTree = "<group>"; };
		975DBBA1168FF98500708212 /* SoundButton+Effect.m */ = {isa = PBXFileReference; fileEncoding = 4; lastKnownFileType = sourcecode.c.objc; path = "SoundButton+Effect.m"; sourceTree = "<group>"; };
		975DBBA3168FFA1100708212 /* SoundBoardGroup+Create.h */ = {isa = PBXFileReference; fileEncoding = 4; lastKnownFileType = sourcecode.c.h; path = "SoundBoardGroup+Create.h"; sourceTree = "<group>"; };
		975DBBA4168FFA1100708212 /* SoundBoardGroup+Create.m */ = {isa = PBXFileReference; fileEncoding = 4; lastKnownFileType = sourcecode.c.objc; path = "SoundBoardGroup+Create.m"; sourceTree = "<group>"; };
		976555EC169A38D600EC6EB7 /* icon.png */ = {isa = PBXFileReference; lastKnownFileType = image.png; name = icon.png; path = ../icon.png; sourceTree = "<group>"; };
		976555EF169A390900EC6EB7 /* icon2.png */ = {isa = PBXFileReference; lastKnownFileType = image.png; name = icon2.png; path = ../icon2.png; sourceTree = "<group>"; };
		976CFDAA168FB43300D11FE8 /* SoundBoard.app */ = {isa = PBXFileReference; explicitFileType = wrapper.application; includeInIndex = 0; path = SoundBoard.app; sourceTree = BUILT_PRODUCTS_DIR; };
		976CFDAE168FB43300D11FE8 /* UIKit.framework */ = {isa = PBXFileReference; lastKnownFileType = wrapper.framework; name = UIKit.framework; path = System/Library/Frameworks/UIKit.framework; sourceTree = SDKROOT; };
		976CFDB0168FB43300D11FE8 /* Foundation.framework */ = {isa = PBXFileReference; lastKnownFileType = wrapper.framework; name = Foundation.framework; path = System/Library/Frameworks/Foundation.framework; sourceTree = SDKROOT; };
		976CFDB2168FB43300D11FE8 /* CoreGraphics.framework */ = {isa = PBXFileReference; lastKnownFileType = wrapper.framework; name = CoreGraphics.framework; path = System/Library/Frameworks/CoreGraphics.framework; sourceTree = SDKROOT; };
		976CFDB6168FB43300D11FE8 /* SoundBoard-Info.plist */ = {isa = PBXFileReference; lastKnownFileType = text.plist.xml; path = "SoundBoard-Info.plist"; sourceTree = "<group>"; };
		976CFDB8168FB43300D11FE8 /* en */ = {isa = PBXFileReference; lastKnownFileType = text.plist.strings; name = en; path = en.lproj/InfoPlist.strings; sourceTree = "<group>"; };
		976CFDBA168FB43300D11FE8 /* main.m */ = {isa = PBXFileReference; lastKnownFileType = sourcecode.c.objc; path = main.m; sourceTree = "<group>"; };
		976CFDBC168FB43300D11FE8 /* SoundBoard-Prefix.pch */ = {isa = PBXFileReference; lastKnownFileType = sourcecode.c.h; path = "SoundBoard-Prefix.pch"; sourceTree = "<group>"; };
		976CFDC0168FB43300D11FE8 /* Default.png */ = {isa = PBXFileReference; lastKnownFileType = image.png; path = Default.png; sourceTree = "<group>"; };
		976CFDC2168FB43300D11FE8 /* Default@2x.png */ = {isa = PBXFileReference; lastKnownFileType = image.png; path = "Default@2x.png"; sourceTree = "<group>"; };
		976CFDC4168FB43300D11FE8 /* Default-568h@2x.png */ = {isa = PBXFileReference; lastKnownFileType = image.png; path = "Default-568h@2x.png"; sourceTree = "<group>"; };
		976CFDC7168FB43300D11FE8 /* en */ = {isa = PBXFileReference; lastKnownFileType = file.storyboard; name = en; path = en.lproj/MainStoryboard.storyboard; sourceTree = "<group>"; };
		976CFDC9168FB43300D11FE8 /* SoundBoardViewController.h */ = {isa = PBXFileReference; lastKnownFileType = sourcecode.c.h; path = SoundBoardViewController.h; sourceTree = "<group>"; };
		976CFDCA168FB43300D11FE8 /* SoundBoardViewController.m */ = {isa = PBXFileReference; lastKnownFileType = sourcecode.c.objc; path = SoundBoardViewController.m; sourceTree = "<group>"; };
		976CFDD1168FB76A00D11FE8 /* CoreData.framework */ = {isa = PBXFileReference; lastKnownFileType = wrapper.framework; name = CoreData.framework; path = System/Library/Frameworks/CoreData.framework; sourceTree = SDKROOT; };
		976CFDD8168FBBF400D11FE8 /* SoundBoard.xcdatamodel */ = {isa = PBXFileReference; lastKnownFileType = wrapper.xcdatamodel; path = SoundBoard.xcdatamodel; sourceTree = "<group>"; };
		976CFDDF168FBD0E00D11FE8 /* SoundBoardsTableViewController.h */ = {isa = PBXFileReference; fileEncoding = 4; lastKnownFileType = sourcecode.c.h; path = SoundBoardsTableViewController.h; sourceTree = "<group>"; };
		976CFDE0168FBD0E00D11FE8 /* SoundBoardsTableViewController.m */ = {isa = PBXFileReference; fileEncoding = 4; lastKnownFileType = sourcecode.c.objc; path = SoundBoardsTableViewController.m; sourceTree = "<group>"; };
		976CFDE2168FBDDE00D11FE8 /* CoreDataTableViewController.h */ = {isa = PBXFileReference; fileEncoding = 4; lastKnownFileType = sourcecode.c.h; path = CoreDataTableViewController.h; sourceTree = "<group>"; };
		976CFDE3168FBDDE00D11FE8 /* CoreDataTableViewController.m */ = {isa = PBXFileReference; fileEncoding = 4; lastKnownFileType = sourcecode.c.objc; path = CoreDataTableViewController.m; sourceTree = "<group>"; };
		976CFDE8168FC3AD00D11FE8 /* SoundBoardGroup.h */ = {isa = PBXFileReference; fileEncoding = 4; lastKnownFileType = sourcecode.c.h; path = SoundBoardGroup.h; sourceTree = "<group>"; };
		976CFDE9168FC3AD00D11FE8 /* SoundBoardGroup.m */ = {isa = PBXFileReference; fileEncoding = 4; lastKnownFileType = sourcecode.c.objc; path = SoundBoardGroup.m; sourceTree = "<group>"; };
		9791C0E316B7B17300AD1074 /* Record.png */ = {isa = PBXFileReference; lastKnownFileType = image.png; path = Record.png; sourceTree = "<group>"; };
		9791C0E616B7B83C00AD1074 /* play.png */ = {isa = PBXFileReference; lastKnownFileType = image.png; path = play.png; sourceTree = "<group>"; };
		9791C0E816B7B95900AD1074 /* stop.png */ = {isa = PBXFileReference; lastKnownFileType = image.png; path = stop.png; sourceTree = "<group>"; };
		9791C0EA16B7BAC800AD1074 /* check.png */ = {isa = PBXFileReference; lastKnownFileType = image.png; path = check.png; sourceTree = "<group>"; };
		97B19A5E169BB72C00C0EDC1 /* thumb.png */ = {isa = PBXFileReference; lastKnownFileType = image.png; path = thumb.png; sourceTree = "<group>"; };
		97B19A69169BCFBE00C0EDC1 /* MobileCoreServices.framework */ = {isa = PBXFileReference; lastKnownFileType = wrapper.framework; name = MobileCoreServices.framework; path = System/Library/Frameworks/MobileCoreServices.framework; sourceTree = SDKROOT; };
		97B9EE2D169A563200EE8FBA /* SoundButton.h */ = {isa = PBXFileReference; fileEncoding = 4; lastKnownFileType = sourcecode.c.h; path = SoundButton.h; sourceTree = "<group>"; };
		97B9EE2E169A563200EE8FBA /* SoundButton.m */ = {isa = PBXFileReference; fileEncoding = 4; lastKnownFileType = sourcecode.c.objc; path = SoundButton.m; sourceTree = "<group>"; };
		97B9EE32169A5B6F00EE8FBA /* matches-1.mp3 */ = {isa = PBXFileReference; lastKnownFileType = audio.mp3; name = "matches-1.mp3"; path = "../matches-1.mp3"; sourceTree = "<group>"; };
		97BD4AE3169CEEE7006CCF7D /* RecordViewController.h */ = {isa = PBXFileReference; fileEncoding = 4; lastKnownFileType = sourcecode.c.h; path = RecordViewController.h; sourceTree = "<group>"; };
		97BD4AE4169CEEE7006CCF7D /* RecordViewController.m */ = {isa = PBXFileReference; fileEncoding = 4; lastKnownFileType = sourcecode.c.objc; path = RecordViewController.m; sourceTree = "<group>"; };
		97C4309F16BDA0BF00EB8EED /* Rol.mp3 */ = {isa = PBXFileReference; lastKnownFileType = audio.mp3; name = Rol.mp3; path = ../Rol.mp3; sourceTree = "<group>"; };
		97C430A316BDAC4100EB8EED /* Bear.mp3 */ = {isa = PBXFileReference; lastKnownFileType = audio.mp3; path = Bear.mp3; sourceTree = "<group>"; };
		97C430A416BDAC4100EB8EED /* Bees.wav */ = {isa = PBXFileReference; lastKnownFileType = audio.wav; path = Bees.wav; sourceTree = "<group>"; };
		97C430A516BDAC4100EB8EED /* Bird Three.wav.au */ = {isa = PBXFileReference; lastKnownFileType = audio.au; path = "Bird Three.wav.au"; sourceTree = "<group>"; };
		97C430A616BDAC4100EB8EED /* Bird Two.wav */ = {isa = PBXFileReference; lastKnownFileType = audio.wav; path = "Bird Two.wav"; sourceTree = "<group>"; };
		97C430A716BDAC4100EB8EED /* Bird.wav */ = {isa = PBXFileReference; lastKnownFileType = audio.wav; path = Bird.wav; sourceTree = "<group>"; };
		97C430A816BDAC4100EB8EED /* Cat Two.wav */ = {isa = PBXFileReference; lastKnownFileType = audio.wav; path = "Cat Two.wav"; sourceTree = "<group>"; };
		97C430A916BDAC4100EB8EED /* Cat.wav */ = {isa = PBXFileReference; lastKnownFileType = audio.wav; path = Cat.wav; sourceTree = "<group>"; };
		97C430AA16BDAC4100EB8EED /* Chickens.wav */ = {isa = PBXFileReference; lastKnownFileType = audio.wav; path = Chickens.wav; sourceTree = "<group>"; };
		97C430AB16BDAC4100EB8EED /* Cow.wav */ = {isa = PBXFileReference; lastKnownFileType = audio.wav; path = Cow.wav; sourceTree = "<group>"; };
		97C430AC16BDAC4100EB8EED /* Deer.mp3 */ = {isa = PBXFileReference; lastKnownFileType = audio.mp3; path = Deer.mp3; sourceTree = "<group>"; };
		97C430AD16BDAC4100EB8EED /* Dog Two.wav */ = {isa = PBXFileReference; lastKnownFileType = audio.wav; path = "Dog Two.wav"; sourceTree = "<group>"; };
		97C430AE16BDAC4100EB8EED /* Dog.WAV */ = {isa = PBXFileReference; lastKnownFileType = audio.wav; path = Dog.WAV; sourceTree = "<group>"; };
		97C430AF16BDAC4100EB8EED /* Dolphin.wav */ = {isa = PBXFileReference; lastKnownFileType = audio.wav; path = Dolphin.wav; sourceTree = "<group>"; };
		97C430B016BDAC4100EB8EED /* Fox.wav */ = {isa = PBXFileReference; lastKnownFileType = audio.wav; path = Fox.wav; sourceTree = "<group>"; };
		97C430B116BDAC4100EB8EED /* Geese.wav */ = {isa = PBXFileReference; lastKnownFileType = audio.wav; path = Geese.wav; sourceTree = "<group>"; };
		97C430B216BDAC4100EB8EED /* Goat.wav */ = {isa = PBXFileReference; lastKnownFileType = audio.wav; path = Goat.wav; sourceTree = "<group>"; };
		97C430B316BDAC4100EB8EED /* Horse.wav */ = {isa = PBXFileReference; lastKnownFileType = audio.wav; path = Horse.wav; sourceTree = "<group>"; };
		97C430B416BDAC4100EB8EED /* Monkey.wav */ = {isa = PBXFileReference; lastKnownFileType = audio.wav; path = Monkey.wav; sourceTree = "<group>"; };
		97C430B516BDAC4100EB8EED /* Owl.WAV */ = {isa = PBXFileReference; lastKnownFileType = audio.wav; path = Owl.WAV; sourceTree = "<group>"; };
		97C430B616BDAC4100EB8EED /* Pig.wav */ = {isa = PBXFileReference; lastKnownFileType = audio.wav; path = Pig.wav; sourceTree = "<group>"; };
		97C430B716BDAC4100EB8EED /* Rattlesnake.wav */ = {isa = PBXFileReference; lastKnownFileType = audio.wav; path = Rattlesnake.wav; sourceTree = "<group>"; };
		97C430B816BDAC4100EB8EED /* rooster.wav */ = {isa = PBXFileReference; lastKnownFileType = audio.wav; path = rooster.wav; sourceTree = "<group>"; };
		97C430B916BDAC4100EB8EED /* Seagulls.wav */ = {isa = PBXFileReference; lastKnownFileType = audio.wav; path = Seagulls.wav; sourceTree = "<group>"; };
		97C430BA16BDAC4100EB8EED /* Sheep.WAV */ = {isa = PBXFileReference; lastKnownFileType = audio.wav; path = Sheep.WAV; sourceTree = "<group>"; };
		97C430BB16BDAC4100EB8EED /* Tiger.wav */ = {isa = PBXFileReference; lastKnownFileType = audio.wav; path = Tiger.wav; sourceTree = "<group>"; };
		97C430BC16BDAC4100EB8EED /* Whale.wav */ = {isa = PBXFileReference; lastKnownFileType = audio.wav; path = Whale.wav; sourceTree = "<group>"; };
		97C430BD16BDAC4100EB8EED /* Wolves.wav */ = {isa = PBXFileReference; lastKnownFileType = audio.wav; path = Wolves.wav; sourceTree = "<group>"; };
		97C430BF16BDAC4100EB8EED /* Breakdown.wav */ = {isa = PBXFileReference; lastKnownFileType = audio.wav; path = Breakdown.wav; sourceTree = "<group>"; };
		97C430C016BDAC4100EB8EED /* Drum Loop One.mp3 */ = {isa = PBXFileReference; lastKnownFileType = audio.mp3; path = "Drum Loop One.mp3"; sourceTree = "<group>"; };
		97C430C116BDAC4100EB8EED /* Electronic Bass.wav */ = {isa = PBXFileReference; lastKnownFileType = audio.wav; path = "Electronic Bass.wav"; sourceTree = "<group>"; };
		97C430C216BDAC4100EB8EED /* Funky.wav */ = {isa = PBXFileReference; lastKnownFileType = audio.wav; path = Funky.wav; sourceTree = "<group>"; };
		97C430C316BDAC4100EB8EED /* Relaxed.mp3 */ = {isa = PBXFileReference; lastKnownFileType = audio.mp3; path = Relaxed.mp3; sourceTree = "<group>"; };
		97C430C516BDAC4100EB8EED /* AK47  Cocking.wav */ = {isa = PBXFileReference; lastKnownFileType = audio.wav; path = "AK47  Cocking.wav"; sourceTree = "<group>"; };
		97C430C616BDAC4100EB8EED /* Boom.wav */ = {isa = PBXFileReference; lastKnownFileType = audio.wav; path = Boom.wav; sourceTree = "<group>"; };
		97C430C716BDAC4100EB8EED /* Explosion.wav */ = {isa = PBXFileReference; lastKnownFileType = audio.wav; path = Explosion.wav; sourceTree = "<group>"; };
		97C430C816BDAC4100EB8EED /* Gatling Gun.wav */ = {isa = PBXFileReference; lastKnownFileType = audio.wav; path = "Gatling Gun.wav"; sourceTree = "<group>"; };
		97C430C916BDAC4100EB8EED /* Gun Burst.wav */ = {isa = PBXFileReference; lastKnownFileType = audio.wav; path = "Gun Burst.wav"; sourceTree = "<group>"; };
		97C430CA16BDAC4100EB8EED /* Insert Clip.mp3 */ = {isa = PBXFileReference; lastKnownFileType = audio.mp3; path = "Insert Clip.mp3"; sourceTree = "<group>"; };
		97C430CB16BDAC4100EB8EED /* Revolver Cocking.wav */ = {isa = PBXFileReference; lastKnownFileType = audio.wav; path = "Revolver Cocking.wav"; sourceTree = "<group>"; };
		97C430CC16BDAC4100EB8EED /* SMG.mp3 */ = {isa = PBXFileReference; lastKnownFileType = audio.mp3; path = SMG.mp3; sourceTree = "<group>"; };
		97C430CD16BDAC4100EB8EED /* thompson.wav */ = {isa = PBXFileReference; lastKnownFileType = audio.wav; path = thompson.wav; sourceTree = "<group>"; };
		97C430CF16BDAC4100EB8EED /* Applause.mp3 */ = {isa = PBXFileReference; lastKnownFileType = audio.mp3; path = Applause.mp3; sourceTree = "<group>"; };
		97C430D016BDAC4100EB8EED /* Baby Crying.mp3 */ = {isa = PBXFileReference; lastKnownFileType = audio.mp3; path = "Baby Crying.mp3"; sourceTree = "<group>"; };
		97C430D116BDAC4100EB8EED /* Boo.wav */ = {isa = PBXFileReference; lastKnownFileType = audio.wav; path = Boo.wav; sourceTree = "<group>"; };
		97C430D216BDAC4100EB8EED /* Child Crying.wav */ = {isa = PBXFileReference; lastKnownFileType = audio.wav; path = "Child Crying.wav"; sourceTree = "<group>"; };
		97C430D316BDAC4100EB8EED /* Evil Laugh.wav */ = {isa = PBXFileReference; lastKnownFileType = audio.wav; path = "Evil Laugh.wav"; sourceTree = "<group>"; };
		97C430D416BDAC4100EB8EED /* Gasp.WAV */ = {isa = PBXFileReference; lastKnownFileType = audio.wav; path = Gasp.WAV; sourceTree = "<group>"; };
		97C430D516BDAC4100EB8EED /* Santa's Laugh.wav */ = {isa = PBXFileReference; lastKnownFileType = audio.wav; path = "Santa's Laugh.wav"; sourceTree = "<group>"; };
		97C430D616BDAC4100EB8EED /* Woman Crying.WAV */ = {isa = PBXFileReference; lastKnownFileType = audio.wav; path = "Woman Crying.WAV"; sourceTree = "<group>"; };
/* End PBXFileReference section */

/* Begin PBXFrameworksBuildPhase section */
		976CFDA7168FB43300D11FE8 /* Frameworks */ = {
			isa = PBXFrameworksBuildPhase;
			buildActionMask = 2147483647;
			files = (
				97B19A6A169BCFBE00C0EDC1 /* MobileCoreServices.framework in Frameworks */,
				9717270F1690CE9B00CC4171 /* AVFoundation.framework in Frameworks */,
				976CFDD2168FB76A00D11FE8 /* CoreData.framework in Frameworks */,
				976CFDAF168FB43300D11FE8 /* UIKit.framework in Frameworks */,
				976CFDB1168FB43300D11FE8 /* Foundation.framework in Frameworks */,
				976CFDB3168FB43300D11FE8 /* CoreGraphics.framework in Frameworks */,
			);
			runOnlyForDeploymentPostprocessing = 0;
		};
/* End PBXFrameworksBuildPhase section */

/* Begin PBXGroup section */
		975DBB9B168FF90700708212 /* CoreData */ = {
			isa = PBXGroup;
			children = (
				976CFDE2168FBDDE00D11FE8 /* CoreDataTableViewController.h */,
				976CFDE3168FBDDE00D11FE8 /* CoreDataTableViewController.m */,
				976CFDD7168FBBF400D11FE8 /* SoundBoard.xcdatamodeld */,
				97B9EE2D169A563200EE8FBA /* SoundButton.h */,
				97B9EE2E169A563200EE8FBA /* SoundButton.m */,
				975DBBA3168FFA1100708212 /* SoundBoardGroup+Create.h */,
				975DBBA4168FFA1100708212 /* SoundBoardGroup+Create.m */,
				976CFDE8168FC3AD00D11FE8 /* SoundBoardGroup.h */,
				976CFDE9168FC3AD00D11FE8 /* SoundBoardGroup.m */,
				975DBBA0168FF98500708212 /* SoundButton+Effect.h */,
				975DBBA1168FF98500708212 /* SoundButton+Effect.m */,
			);
			name = CoreData;
			sourceTree = "<group>";
		};
		976CFD9F168FB43300D11FE8 = {
			isa = PBXGroup;
			children = (
				976CFDB4168FB43300D11FE8 /* SoundBoard */,
				976CFDAD168FB43300D11FE8 /* Frameworks */,
				976CFDAB168FB43300D11FE8 /* Products */,
			);
			sourceTree = "<group>";
		};
		976CFDAB168FB43300D11FE8 /* Products */ = {
			isa = PBXGroup;
			children = (
				976CFDAA168FB43300D11FE8 /* SoundBoard.app */,
			);
			name = Products;
			sourceTree = "<group>";
		};
		976CFDAD168FB43300D11FE8 /* Frameworks */ = {
			isa = PBXGroup;
			children = (
				97B19A69169BCFBE00C0EDC1 /* MobileCoreServices.framework */,
				9717270E1690CE9B00CC4171 /* AVFoundation.framework */,
				976CFDD1168FB76A00D11FE8 /* CoreData.framework */,
				976CFDAE168FB43300D11FE8 /* UIKit.framework */,
				976CFDB0168FB43300D11FE8 /* Foundation.framework */,
				976CFDB2168FB43300D11FE8 /* CoreGraphics.framework */,
			);
			name = Frameworks;
			sourceTree = "<group>";
		};
		976CFDB4168FB43300D11FE8 /* SoundBoard */ = {
			isa = PBXGroup;
			children = (
				97BD4AE3169CEEE7006CCF7D /* RecordViewController.h */,
				97BD4AE4169CEEE7006CCF7D /* RecordViewController.m */,
				976CFDC6168FB43300D11FE8 /* MainStoryboard.storyboard */,
				973AFDC416BB665A0064E89E /* SoundBoardAddViewController.h */,
				973AFDC516BB665A0064E89E /* SoundBoardAddViewController.m */,
				971727101690D07D00CC4171 /* SoundBoardSoundsViewController.h */,
				971727111690D07D00CC4171 /* SoundBoardSoundsViewController.m */,
				976CFDDF168FBD0E00D11FE8 /* SoundBoardsTableViewController.h */,
				976CFDE0168FBD0E00D11FE8 /* SoundBoardsTableViewController.m */,
				976CFDC9168FB43300D11FE8 /* SoundBoardViewController.h */,
				976CFDCA168FB43300D11FE8 /* SoundBoardViewController.m */,
				975DBB9B168FF90700708212 /* CoreData */,
				976CFDB5168FB43300D11FE8 /* Supporting Files */,
			);
			path = SoundBoard;
			sourceTree = "<group>";
		};
		976CFDB5168FB43300D11FE8 /* Supporting Files */ = {
			isa = PBXGroup;
			children = (
				97C430A116BDAC4100EB8EED /* Sound Effects */,
				9791C0EA16B7BAC800AD1074 /* check.png */,
				9791C0E816B7B95900AD1074 /* stop.png */,
				9791C0E616B7B83C00AD1074 /* play.png */,
				9791C0E316B7B17300AD1074 /* Record.png */,
				97B19A5E169BB72C00C0EDC1 /* thumb.png */,
				976555EF169A390900EC6EB7 /* icon2.png */,
				976555EC169A38D600EC6EB7 /* icon.png */,
				971727131690D0E600CC4171 /* SoundBoardAppDelegate.m */,
				971727141690D0E600CC4171 /* SoundBoardAppDelegate.h */,
				976CFDB6168FB43300D11FE8 /* SoundBoard-Info.plist */,
				976CFDB7168FB43300D11FE8 /* InfoPlist.strings */,
				976CFDBA168FB43300D11FE8 /* main.m */,
				976CFDBC168FB43300D11FE8 /* SoundBoard-Prefix.pch */,
				976CFDC0168FB43300D11FE8 /* Default.png */,
				976CFDC2168FB43300D11FE8 /* Default@2x.png */,
				976CFDC4168FB43300D11FE8 /* Default-568h@2x.png */,
			);
			name = "Supporting Files";
			sourceTree = "<group>";
		};
		97C430A116BDAC4100EB8EED /* Sound Effects */ = {
			isa = PBXGroup;
			children = (
				97B9EE32169A5B6F00EE8FBA /* matches-1.mp3 */,
				97C4309F16BDA0BF00EB8EED /* Rol.mp3 */,
				97C430A216BDAC4100EB8EED /* Animals */,
				97C430BE16BDAC4100EB8EED /* Drum Kit */,
				97C430C416BDAC4100EB8EED /* Gun */,
				97C430CE16BDAC4100EB8EED /* People */,
			);
			path = "Sound Effects";
			sourceTree = "<group>";
		};
		97C430A216BDAC4100EB8EED /* Animals */ = {
			isa = PBXGroup;
			children = (
				97C430A316BDAC4100EB8EED /* Bear.mp3 */,
				97C430A416BDAC4100EB8EED /* Bees.wav */,
				97C430A516BDAC4100EB8EED /* Bird Three.wav.au */,
				97C430A616BDAC4100EB8EED /* Bird Two.wav */,
				97C430A716BDAC4100EB8EED /* Bird.wav */,
				97C430A816BDAC4100EB8EED /* Cat Two.wav */,
				97C430A916BDAC4100EB8EED /* Cat.wav */,
				97C430AA16BDAC4100EB8EED /* Chickens.wav */,
				97C430AB16BDAC4100EB8EED /* Cow.wav */,
				97C430AC16BDAC4100EB8EED /* Deer.mp3 */,
				97C430AD16BDAC4100EB8EED /* Dog Two.wav */,
				97C430AE16BDAC4100EB8EED /* Dog.WAV */,
				97C430AF16BDAC4100EB8EED /* Dolphin.wav */,
				97C430B016BDAC4100EB8EED /* Fox.wav */,
				97C430B116BDAC4100EB8EED /* Geese.wav */,
				97C430B216BDAC4100EB8EED /* Goat.wav */,
				97C430B316BDAC4100EB8EED /* Horse.wav */,
				97C430B416BDAC4100EB8EED /* Monkey.wav */,
				97C430B516BDAC4100EB8EED /* Owl.WAV */,
				97C430B616BDAC4100EB8EED /* Pig.wav */,
				97C430B716BDAC4100EB8EED /* Rattlesnake.wav */,
				97C430B816BDAC4100EB8EED /* rooster.wav */,
				97C430B916BDAC4100EB8EED /* Seagulls.wav */,
				97C430BA16BDAC4100EB8EED /* Sheep.WAV */,
				97C430BB16BDAC4100EB8EED /* Tiger.wav */,
				97C430BC16BDAC4100EB8EED /* Whale.wav */,
				97C430BD16BDAC4100EB8EED /* Wolves.wav */,
			);
			path = Animals;
			sourceTree = "<group>";
		};
		97C430BE16BDAC4100EB8EED /* Drum Kit */ = {
			isa = PBXGroup;
			children = (
				97C430BF16BDAC4100EB8EED /* Breakdown.wav */,
				97C430C016BDAC4100EB8EED /* Drum Loop One.mp3 */,
				97C430C116BDAC4100EB8EED /* Electronic Bass.wav */,
				97C430C216BDAC4100EB8EED /* Funky.wav */,
				97C430C316BDAC4100EB8EED /* Relaxed.mp3 */,
			);
			path = "Drum Kit";
			sourceTree = "<group>";
		};
		97C430C416BDAC4100EB8EED /* Gun */ = {
			isa = PBXGroup;
			children = (
				97C430C516BDAC4100EB8EED /* AK47  Cocking.wav */,
				97C430C616BDAC4100EB8EED /* Boom.wav */,
				97C430C716BDAC4100EB8EED /* Explosion.wav */,
				97C430C816BDAC4100EB8EED /* Gatling Gun.wav */,
				97C430C916BDAC4100EB8EED /* Gun Burst.wav */,
				97C430CA16BDAC4100EB8EED /* Insert Clip.mp3 */,
				97C430CB16BDAC4100EB8EED /* Revolver Cocking.wav */,
				97C430CC16BDAC4100EB8EED /* SMG.mp3 */,
				97C430CD16BDAC4100EB8EED /* thompson.wav */,
			);
			path = Gun;
			sourceTree = "<group>";
		};
		97C430CE16BDAC4100EB8EED /* People */ = {
			isa = PBXGroup;
			children = (
				97C430CF16BDAC4100EB8EED /* Applause.mp3 */,
				97C430D016BDAC4100EB8EED /* Baby Crying.mp3 */,
				97C430D116BDAC4100EB8EED /* Boo.wav */,
				97C430D216BDAC4100EB8EED /* Child Crying.wav */,
				97C430D316BDAC4100EB8EED /* Evil Laugh.wav */,
				97C430D416BDAC4100EB8EED /* Gasp.WAV */,
				97C430D516BDAC4100EB8EED /* Santa's Laugh.wav */,
				97C430D616BDAC4100EB8EED /* Woman Crying.WAV */,
			);
			path = People;
			sourceTree = "<group>";
		};
/* End PBXGroup section */

/* Begin PBXNativeTarget section */
		976CFDA9168FB43300D11FE8 /* SoundBoard */ = {
			isa = PBXNativeTarget;
			buildConfigurationList = 976CFDCE168FB43300D11FE8 /* Build configuration list for PBXNativeTarget "SoundBoard" */;
			buildPhases = (
				976CFDA6168FB43300D11FE8 /* Sources */,
				976CFDA7168FB43300D11FE8 /* Frameworks */,
				976CFDA8168FB43300D11FE8 /* Resources */,
			);
			buildRules = (
			);
			dependencies = (
			);
			name = SoundBoard;
			productName = SoundBoard;
			productReference = 976CFDAA168FB43300D11FE8 /* SoundBoard.app */;
			productType = "com.apple.product-type.application";
		};
/* End PBXNativeTarget section */

/* Begin PBXProject section */
		976CFDA1168FB43300D11FE8 /* Project object */ = {
			isa = PBXProject;
			attributes = {
				CLASSPREFIX = SoundBoard;
				LastUpgradeCheck = 0450;
				ORGANIZATIONNAME = SAM;
			};
			buildConfigurationList = 976CFDA4168FB43300D11FE8 /* Build configuration list for PBXProject "SoundBoard" */;
			compatibilityVersion = "Xcode 3.2";
			developmentRegion = English;
			hasScannedForEncodings = 0;
			knownRegions = (
				en,
			);
			mainGroup = 976CFD9F168FB43300D11FE8;
			productRefGroup = 976CFDAB168FB43300D11FE8 /* Products */;
			projectDirPath = "";
			projectRoot = "";
			targets = (
				976CFDA9168FB43300D11FE8 /* SoundBoard */,
			);
		};
/* End PBXProject section */

/* Begin PBXResourcesBuildPhase section */
		976CFDA8168FB43300D11FE8 /* Resources */ = {
			isa = PBXResourcesBuildPhase;
			buildActionMask = 2147483647;
			files = (
				976CFDB9168FB43300D11FE8 /* InfoPlist.strings in Resources */,
				976CFDC1168FB43300D11FE8 /* Default.png in Resources */,
				976CFDC3168FB43300D11FE8 /* Default@2x.png in Resources */,
				976CFDC5168FB43300D11FE8 /* Default-568h@2x.png in Resources */,
				976CFDC8168FB43300D11FE8 /* MainStoryboard.storyboard in Resources */,
				976555ED169A38D600EC6EB7 /* icon.png in Resources */,
				976555F0169A390900EC6EB7 /* icon2.png in Resources */,
				97B9EE33169A5B6F00EE8FBA /* matches-1.mp3 in Resources */,
				97B19A5F169BB72C00C0EDC1 /* thumb.png in Resources */,
				9791C0E416B7B17300AD1074 /* Record.png in Resources */,
				9791C0E716B7B83C00AD1074 /* play.png in Resources */,
				9791C0E916B7B95900AD1074 /* stop.png in Resources */,
				9791C0EB16B7BAC800AD1074 /* check.png in Resources */,
				97C430A016BDA0BF00EB8EED /* Rol.mp3 in Resources */,
				97C430D716BDAC4100EB8EED /* Bear.mp3 in Resources */,
				97C430D816BDAC4100EB8EED /* Bees.wav in Resources */,
				97C430D916BDAC4100EB8EED /* Bird Three.wav.au in Resources */,
				97C430DA16BDAC4100EB8EED /* Bird Two.wav in Resources */,
				97C430DB16BDAC4100EB8EED /* Bird.wav in Resources */,
				97C430DC16BDAC4100EB8EED /* Cat Two.wav in Resources */,
				97C430DD16BDAC4100EB8EED /* Cat.wav in Resources */,
				97C430DE16BDAC4100EB8EED /* Chickens.wav in Resources */,
				97C430DF16BDAC4100EB8EED /* Cow.wav in Resources */,
				97C430E016BDAC4100EB8EED /* Deer.mp3 in Resources */,
				97C430E116BDAC4100EB8EED /* Dog Two.wav in Resources */,
				97C430E216BDAC4100EB8EED /* Dog.WAV in Resources */,
				97C430E316BDAC4100EB8EED /* Dolphin.wav in Resources */,
				97C430E416BDAC4100EB8EED /* Fox.wav in Resources */,
				97C430E516BDAC4100EB8EED /* Geese.wav in Resources */,
				97C430E616BDAC4100EB8EED /* Goat.wav in Resources */,
				97C430E716BDAC4100EB8EED /* Horse.wav in Resources */,
				97C430E816BDAC4100EB8EED /* Monkey.wav in Resources */,
				97C430E916BDAC4100EB8EED /* Owl.WAV in Resources */,
				97C430EA16BDAC4100EB8EED /* Pig.wav in Resources */,
				97C430EB16BDAC4100EB8EED /* Rattlesnake.wav in Resources */,
				97C430EC16BDAC4100EB8EED /* rooster.wav in Resources */,
				97C430ED16BDAC4100EB8EED /* Seagulls.wav in Resources */,
				97C430EE16BDAC4100EB8EED /* Sheep.WAV in Resources */,
				97C430EF16BDAC4100EB8EED /* Tiger.wav in Resources */,
				97C430F016BDAC4100EB8EED /* Whale.wav in Resources */,
				97C430F116BDAC4100EB8EED /* Wolves.wav in Resources */,
				97C430F216BDAC4100EB8EED /* Breakdown.wav in Resources */,
				97C430F316BDAC4100EB8EED /* Drum Loop One.mp3 in Resources */,
				97C430F416BDAC4100EB8EED /* Electronic Bass.wav in Resources */,
				97C430F516BDAC4100EB8EED /* Funky.wav in Resources */,
				97C430F616BDAC4100EB8EED /* Relaxed.mp3 in Resources */,
				97C430F716BDAC4100EB8EED /* AK47  Cocking.wav in Resources */,
				97C430F816BDAC4100EB8EED /* Boom.wav in Resources */,
				97C430F916BDAC4100EB8EED /* Explosion.wav in Resources */,
				97C430FA16BDAC4100EB8EED /* Gatling Gun.wav in Resources */,
				97C430FB16BDAC4100EB8EED /* Gun Burst.wav in Resources */,
				97C430FC16BDAC4100EB8EED /* Insert Clip.mp3 in Resources */,
				97C430FD16BDAC4100EB8EED /* Revolver Cocking.wav in Resources */,
				97C430FE16BDAC4100EB8EED /* SMG.mp3 in Resources */,
				97C430FF16BDAC4100EB8EED /* thompson.wav in Resources */,
				97C4310016BDAC4100EB8EED /* Applause.mp3 in Resources */,
				97C4310116BDAC4100EB8EED /* Baby Crying.mp3 in Resources */,
				97C4310216BDAC4100EB8EED /* Boo.wav in Resources */,
				97C4310316BDAC4100EB8EED /* Child Crying.wav in Resources */,
				97C4310416BDAC4100EB8EED /* Evil Laugh.wav in Resources */,
				97C4310516BDAC4100EB8EED /* Gasp.WAV in Resources */,
				97C4310616BDAC4100EB8EED /* Santa's Laugh.wav in Resources */,
				97C4310716BDAC4100EB8EED /* Woman Crying.WAV in Resources */,
			);
			runOnlyForDeploymentPostprocessing = 0;
		};
/* End PBXResourcesBuildPhase section */

/* Begin PBXSourcesBuildPhase section */
		976CFDA6168FB43300D11FE8 /* Sources */ = {
			isa = PBXSourcesBuildPhase;
			buildActionMask = 2147483647;
			files = (
				976CFDBB168FB43300D11FE8 /* main.m in Sources */,
				976CFDCB168FB43300D11FE8 /* SoundBoardViewController.m in Sources */,
				976CFDD9168FBBF400D11FE8 /* SoundBoard.xcdatamodeld in Sources */,
				976CFDE1168FBD0E00D11FE8 /* SoundBoardsTableViewController.m in Sources */,
				976CFDE4168FBDDE00D11FE8 /* CoreDataTableViewController.m in Sources */,
				976CFDEA168FC3AD00D11FE8 /* SoundBoardGroup.m in Sources */,
				975DBBA2168FF98500708212 /* SoundButton+Effect.m in Sources */,
				975DBBA5168FFA1100708212 /* SoundBoardGroup+Create.m in Sources */,
				971727121690D07D00CC4171 /* SoundBoardSoundsViewController.m in Sources */,
				971727151690D0E600CC4171 /* SoundBoardAppDelegate.m in Sources */,
				97B9EE2F169A563200EE8FBA /* SoundButton.m in Sources */,
				97BD4AE5169CEEE7006CCF7D /* RecordViewController.m in Sources */,
				973AFDC616BB665A0064E89E /* SoundBoardAddViewController.m in Sources */,
			);
			runOnlyForDeploymentPostprocessing = 0;
		};
/* End PBXSourcesBuildPhase section */

/* Begin PBXVariantGroup section */
		976CFDB7168FB43300D11FE8 /* InfoPlist.strings */ = {
			isa = PBXVariantGroup;
			children = (
				976CFDB8168FB43300D11FE8 /* en */,
			);
			name = InfoPlist.strings;
			sourceTree = "<group>";
		};
		976CFDC6168FB43300D11FE8 /* MainStoryboard.storyboard */ = {
			isa = PBXVariantGroup;
			children = (
				976CFDC7168FB43300D11FE8 /* en */,
			);
			name = MainStoryboard.storyboard;
			sourceTree = "<group>";
		};
/* End PBXVariantGroup section */

/* Begin XCBuildConfiguration section */
		976CFDCC168FB43300D11FE8 /* Debug */ = {
			isa = XCBuildConfiguration;
			buildSettings = {
				ALWAYS_SEARCH_USER_PATHS = NO;
				CLANG_CXX_LANGUAGE_STANDARD = "gnu++0x";
				CLANG_CXX_LIBRARY = "libc++";
				CLANG_ENABLE_OBJC_ARC = YES;
				CLANG_WARN_EMPTY_BODY = YES;
				CLANG_WARN__DUPLICATE_METHOD_MATCH = YES;
				"CODE_SIGN_IDENTITY[sdk=iphoneos*]" = "iPhone Developer";
				COPY_PHASE_STRIP = NO;
				GCC_C_LANGUAGE_STANDARD = gnu99;
				GCC_DYNAMIC_NO_PIC = NO;
				GCC_OPTIMIZATION_LEVEL = 0;
				GCC_PREPROCESSOR_DEFINITIONS = (
					"DEBUG=1",
					"$(inherited)",
				);
				GCC_SYMBOLS_PRIVATE_EXTERN = NO;
				GCC_WARN_ABOUT_RETURN_TYPE = YES;
				GCC_WARN_UNINITIALIZED_AUTOS = YES;
				GCC_WARN_UNUSED_VARIABLE = YES;
				IPHONEOS_DEPLOYMENT_TARGET = 6.0;
				ONLY_ACTIVE_ARCH = YES;
				SDKROOT = iphoneos;
			};
			name = Debug;
		};
		976CFDCD168FB43300D11FE8 /* Release */ = {
			isa = XCBuildConfiguration;
			buildSettings = {
				ALWAYS_SEARCH_USER_PATHS = NO;
				CLANG_CXX_LANGUAGE_STANDARD = "gnu++0x";
				CLANG_CXX_LIBRARY = "libc++";
				CLANG_ENABLE_OBJC_ARC = YES;
				CLANG_WARN_EMPTY_BODY = YES;
				CLANG_WARN__DUPLICATE_METHOD_MATCH = YES;
				"CODE_SIGN_IDENTITY[sdk=iphoneos*]" = "iPhone Developer";
				COPY_PHASE_STRIP = YES;
				GCC_C_LANGUAGE_STANDARD = gnu99;
				GCC_WARN_ABOUT_RETURN_TYPE = YES;
				GCC_WARN_UNINITIALIZED_AUTOS = YES;
				GCC_WARN_UNUSED_VARIABLE = YES;
				IPHONEOS_DEPLOYMENT_TARGET = 6.0;
				OTHER_CFLAGS = "-DNS_BLOCK_ASSERTIONS=1";
				SDKROOT = iphoneos;
				VALIDATE_PRODUCT = YES;
			};
			name = Release;
		};
		976CFDCF168FB43300D11FE8 /* Debug */ = {
			isa = XCBuildConfiguration;
			buildSettings = {
				GCC_PRECOMPILE_PREFIX_HEADER = YES;
				GCC_PREFIX_HEADER = "SoundBoard/SoundBoard-Prefix.pch";
				INFOPLIST_FILE = "SoundBoard/SoundBoard-Info.plist";
				IPHONEOS_DEPLOYMENT_TARGET = 6.0;
				PRODUCT_NAME = "$(TARGET_NAME)";
				WRAPPER_EXTENSION = app;
			};
			name = Debug;
		};
		976CFDD0168FB43300D11FE8 /* Release */ = {
			isa = XCBuildConfiguration;
			buildSettings = {
				GCC_PRECOMPILE_PREFIX_HEADER = YES;
				GCC_PREFIX_HEADER = "SoundBoard/SoundBoard-Prefix.pch";
				INFOPLIST_FILE = "SoundBoard/SoundBoard-Info.plist";
				IPHONEOS_DEPLOYMENT_TARGET = 6.0;
				PRODUCT_NAME = "$(TARGET_NAME)";
				WRAPPER_EXTENSION = app;
			};
			name = Release;
		};
/* End XCBuildConfiguration section */

/* Begin XCConfigurationList section */
		976CFDA4168FB43300D11FE8 /* Build configuration list for PBXProject "SoundBoard" */ = {
			isa = XCConfigurationList;
			buildConfigurations = (
				976CFDCC168FB43300D11FE8 /* Debug */,
				976CFDCD168FB43300D11FE8 /* Release */,
			);
			defaultConfigurationIsVisible = 0;
			defaultConfigurationName = Release;
		};
		976CFDCE168FB43300D11FE8 /* Build configuration list for PBXNativeTarget "SoundBoard" */ = {
			isa = XCConfigurationList;
			buildConfigurations = (
				976CFDCF168FB43300D11FE8 /* Debug */,
				976CFDD0168FB43300D11FE8 /* Release */,
			);
			defaultConfigurationIsVisible = 0;
			defaultConfigurationName = Release;
		};
/* End XCConfigurationList section */

/* Begin XCVersionGroup section */
		976CFDD7168FBBF400D11FE8 /* SoundBoard.xcdatamodeld */ = {
			isa = XCVersionGroup;
			children = (
				976CFDD8168FBBF400D11FE8 /* SoundBoard.xcdatamodel */,
			);
			currentVersion = 976CFDD8168FBBF400D11FE8 /* SoundBoard.xcdatamodel */;
			path = SoundBoard.xcdatamodeld;
			sourceTree = "<group>";
			versionGroupType = wrapper.xcdatamodel;
		};
/* End XCVersionGroup section */
	};
	rootObject = 976CFDA1168FB43300D11FE8 /* Project object */;
}
